
Microsoft Visual Studio Solution File, Format Version 11.00
# Visual Studio 2010
Project("{8BC9CEB8-8B4A-11D0-8D11-00A0C91BC942}") = "server", "server\server.vcxproj", "{3A119919-5660-4F95-86D9-AAB1D2A394F1}"
EndProject
Project("{8BC9CEB8-8B4A-11D0-8D11-00A0C91BC942}") = "LB", "LB\LB.vcxproj", "{9F9BD4DC-15AA-41A0-9127-8DCFDC452B92}"
EndProject
Project("{8BC9CEB8-8B4A-11D0-8D11-00A0C91BC942}") = "client", "client\client.vcxproj", "{365B93BE-74C9-43AD-BB5A-4469C51B2ED2}"
EndProject
Global
	GlobalSection(SolutionConfigurationPlatforms) = preSolution
		Debug|Win32 = Debug|Win32
		Release|Win32 = Release|Win32
	EndGlobalSection
	GlobalSection(ProjectConfigurationPlatforms) = postSolution
		{3A119919-5660-4F95-86D9-AAB1D2A394F1}.Debug|Win32.ActiveCfg = Debug|Win32
		{3A119919-5660-4F95-86D9-AAB1D2A394F1}.Debug|Win32.Build.0 = Debug|Win32
		{3A119919-5660-4F95-86D9-AAB1D2A394F1}.Release|Win32.ActiveCfg = Release|Win32
		{3A119919-5660-4F95-86D9-AAB1D2A394F1}.Release|Win32.Build.0 = Release|Win32
		{9F9BD4DC-15AA-41A0-9127-8DCFDC452B92}.Debug|Win32.ActiveCfg = Debug|Win32
		{9F9BD4DC-15AA-41A0-9127-8DCFDC452B92}.Debug|Win32.Build.0 = Debug|Win32
		{9F9BD4DC-15AA-41A0-9127-8DCFDC452B92}.Release|Win32.ActiveCfg = Release|Win32
		{9F9BD4DC-15AA-41A0-9127-8DCFDC452B92}.Release|Win32.Build.0 = Release|Win32
		{365B93BE-74C9-43AD-BB5A-4469C51B2ED2}.Debug|Win32.ActiveCfg = Debug|Win32
		{365B93BE-74C9-43AD-BB5A-4469C51B2ED2}.Debug|Win32.Build.0 = Debug|Win32
		{365B93BE-74C9-43AD-BB5A-4469C51B2ED2}.Release|Win32.ActiveCfg = Release|Win32
		{365B93BE-74C9-43AD-BB5A-4469C51B2ED2}.Release|Win32.Build.0 = Release|Win32
	EndGlobalSection
	GlobalSection(SolutionProperties) = preSolution
		HideSolutionNode = FALSE
	EndGlobalSection
EndGlobal
